
Microsoft Visual Studio Solution File, Format Version 12.00
# Visual Studio Version 16
VisualStudioVersion = 16.0.29009.5
MinimumVisualStudioVersion = 10.0.40219.1
Project("{FAE04EC0-301F-11D3-BF4B-00C04F79EFBC}") = "FelineCalculator", "FelineCalculator.csproj", "{88F55BFD-9B8F-4895-AABB-C42DAF2B04F4}"
EndProject
Global
	GlobalSection(SolutionConfigurationPlatforms) = preSolution
		Debug|Any CPU = Debug|Any CPU
		Release|Any CPU = Release|Any CPU
	EndGlobalSection
	GlobalSection(ProjectConfigurationPlatforms) = postSolution
		{88F55BFD-9B8F-4895-AABB-C42DAF2B04F4}.Debug|Any CPU.ActiveCfg = Debug|Any CPU
		{88F55BFD-9B8F-4895-AABB-C42DAF2B04F4}.Debug|Any CPU.Build.0 = Debug|Any CPU
		{88F55BFD-9B8F-4895-AABB-C42DAF2B04F4}.Release|Any CPU.ActiveCfg = Release|Any CPU
		{88F55BFD-9B8F-4895-AABB-C42DAF2B04F4}.Release|Any CPU.Build.0 = Release|Any CPU
	EndGlobalSection
	GlobalSection(SolutionProperties) = preSolution
		HideSolutionNode = FALSE
	EndGlobalSection
	GlobalSection(ExtensibilityGlobals) = postSolution
		SolutionGuid = {E446CC68-6591-4D59-8443-8CD19A275931}
	EndGlobalSection
EndGlobal
